dependencies:
- name: geoservercloud
  repository: https://camptocamp.github.io/helm-geoserver-cloud
  version: 2.4.2
- name: rabbitmq
  repository: oci://ghcr.io/georchestra/bitnami-helm-charts
  version: 14.4.0
- name: postgresql
  repository: oci://ghcr.io/georchestra/bitnami-helm-charts
  version: 15.5.2
- name: pgbouncer
  repository: https://icoretech.github.io/helm
  version: 2.3.2
digest: sha256:d8413079bd56046fd470ecaab762cf15bd06fbbe14f2e80b21bcfd2ae487831c
generated: "2025-09-30T11:30:00.856177796-03:00"
