dependencies:
- name: geoservercloud
  repository: https://camptocamp.github.io/helm-geoserver-cloud
  version: 2.1.4
- name: rabbitmq
  repository: https://charts.bitnami.com/bitnami
  version: 11.3.0
- name: postgresql
  repository: https://charts.bitnami.com/bitnami
  version: 14.0.0
digest: sha256:b8454bcb037eb01bac978cf4a3156b76135f5359f4f40d311d88f392d460d791
generated: "2024-08-23T12:41:09.540407596-03:00"
